github.com/vcaesar/keycode v0.10.0 h1:Qx5QE8ZXHyRyjoA2QOxBp25OKMKB+zxMVqm0FWGV0d4=
github.com/vcaesar/keycode v0.10.0/go.mod h1:JNlY7xbKsh+LAGfY2j4M3znVrGEm5W1R8s/Uv6BJcfQ=
github.com/vcaesar/tt v0.20.0 h1:9t2Ycb9RNHcP0WgQgIaRKJBB+FrRdejuaL6uWIHuoBA=
github.com/vcaesar/tt v0.20.0/go.mod h1:GHPxQYhn+7OgKakRusH7KJ0M5MhywoeLb8Fcffs/Gtg=
